
Microsoft Visual Studio Solution File, Format Version 12.00
# Visual Studio Version 17
VisualStudioVersion = 17.14.36221.1 d17.14
MinimumVisualStudioVersion = 10.0.40219.1
Project("{FAE04EC0-301F-11D3-BF4B-00C04F79EFBC}") = "CommitTest", "CommitTest\CommitTest.csproj", "{039D110E-9322-44B5-87B4-050E4B209B70}"
EndProject
Global
	GlobalSection(SolutionConfigurationPlatforms) = preSolution
		Debug|Any CPU = Debug|Any CPU
		Release|Any CPU = Release|Any CPU
	EndGlobalSection
	GlobalSection(ProjectConfigurationPlatforms) = postSolution
		{039D110E-9322-44B5-87B4-050E4B209B70}.Debug|Any CPU.ActiveCfg = Debug|Any CPU
		{039D110E-9322-44B5-87B4-050E4B209B70}.Debug|Any CPU.Build.0 = Debug|Any CPU
		{039D110E-9322-44B5-87B4-050E4B209B70}.Release|Any CPU.ActiveCfg = Release|Any CPU
		{039D110E-9322-44B5-87B4-050E4B209B70}.Release|Any CPU.Build.0 = Release|Any CPU
	EndGlobalSection
	GlobalSection(SolutionProperties) = preSolution
		HideSolutionNode = FALSE
	EndGlobalSection
	GlobalSection(ExtensibilityGlobals) = postSolution
		SolutionGuid = {F6BF9CF9-DAC9-4130-89EC-630B143CE5F4}
	EndGlobalSection
EndGlobal
